// !$*UTF8*$!
{
	archiveVersion = 1;
	classes = {
	};
	objectVersion = 56;
	objects = {

/* Begin PBXBuildFile section */
		1DA8D7BEF0BF2387624F42DA /* libPods-Order Coffe.a in Frameworks */ = {isa = PBXBuildFile; fileRef = 710951365F9D92D01A76508C /* libPods-Order Coffe.a */; };
		D729260D2CD13741009946FB /* AppDelegate.swift in Sources */ = {isa = PBXBuildFile; fileRef = D729260C2CD13741009946FB /* AppDelegate.swift */; };
		D729260F2CD13741009946FB /* SceneDelegate.swift in Sources */ = {isa = PBXBuildFile; fileRef = D729260E2CD13741009946FB /* SceneDelegate.swift */; };
		D72926162CD13744009946FB /* Assets.xcassets in Resources */ = {isa = PBXBuildFile; fileRef = D72926152CD13744009946FB /* Assets.xcassets */; };
		D72926192CD13744009946FB /* LaunchScreen.storyboard in Resources */ = {isa = PBXBuildFile; fileRef = D72926172CD13744009946FB /* LaunchScreen.storyboard */; };
		D72926342CD1433F009946FB /* RegistrationPresenter.swift in Sources */ = {isa = PBXBuildFile; fileRef = D729262F2CD1433F009946FB /* RegistrationPresenter.swift */; };
		D72926352CD1433F009946FB /* RegistrationRouter.swift in Sources */ = {isa = PBXBuildFile; fileRef = D72926302CD1433F009946FB /* RegistrationRouter.swift */; };
		D72926362CD1433F009946FB /* RegistrationBuilder.swift in Sources */ = {isa = PBXBuildFile; fileRef = D72926312CD1433F009946FB /* RegistrationBuilder.swift */; };
		D72926372CD1433F009946FB /* RegistrationInteractor.swift in Sources */ = {isa = PBXBuildFile; fileRef = D72926322CD1433F009946FB /* RegistrationInteractor.swift */; };
		D72926382CD1433F009946FB /* RegistrationView.swift in Sources */ = {isa = PBXBuildFile; fileRef = D72926332CD1433F009946FB /* RegistrationView.swift */; };
		D729263B2CD14424009946FB /* CustomNavigationController.swift in Sources */ = {isa = PBXBuildFile; fileRef = D729263A2CD14424009946FB /* CustomNavigationController.swift */; };
		D729263E2CD14508009946FB /* SetRGBColor.swift in Sources */ = {isa = PBXBuildFile; fileRef = D729263D2CD14508009946FB /* SetRGBColor.swift */; };
		D72926402CD23C29009946FB /* ColorLibrery.swift in Sources */ = {isa = PBXBuildFile; fileRef = D729263F2CD23C29009946FB /* ColorLibrery.swift */; };
		D72926422CD24240009946FB /* CustomTextFieldWithTitle.swift in Sources */ = {isa = PBXBuildFile; fileRef = D72926412CD24240009946FB /* CustomTextFieldWithTitle.swift */; };
		D72926452CD244FE009946FB /* SnapKit in Frameworks */ = {isa = PBXBuildFile; productRef = D72926442CD244FE009946FB /* SnapKit */; };
		D7335F5F2CD2711200A75A84 /* CustomTextField.swift in Sources */ = {isa = PBXBuildFile; fileRef = D7335F5E2CD2711200A75A84 /* CustomTextField.swift */; };
		D7335F612CD28E1D00A75A84 /* CustomButton.swift in Sources */ = {isa = PBXBuildFile; fileRef = D7335F602CD28E1D00A75A84 /* CustomButton.swift */; };
		D7335F632CD3AAB000A75A84 /* AuthManager.swift in Sources */ = {isa = PBXBuildFile; fileRef = D7335F622CD3AAB000A75A84 /* AuthManager.swift */; };
		D78850FC2CDA312100B1AF7B /* AuthService.swift in Sources */ = {isa = PBXBuildFile; fileRef = D78850FB2CDA312100B1AF7B /* AuthService.swift */; };
		D78850FF2CDA381B00B1AF7B /* Alamofire in Frameworks */ = {isa = PBXBuildFile; productRef = D78850FE2CDA381B00B1AF7B /* Alamofire */; };
		D78851012CDA86C600B1AF7B /* AuthAlertController.swift in Sources */ = {isa = PBXBuildFile; fileRef = D78851002CDA86C600B1AF7B /* AuthAlertController.swift */; };
		D78851082CDB8B5E00B1AF7B /* LoginPresenter.swift in Sources */ = {isa = PBXBuildFile; fileRef = D78851032CDB8B5E00B1AF7B /* LoginPresenter.swift */; };
		D78851092CDB8B5E00B1AF7B /* LoginRouter.swift in Sources */ = {isa = PBXBuildFile; fileRef = D78851042CDB8B5E00B1AF7B /* LoginRouter.swift */; };
		D788510A2CDB8B5E00B1AF7B /* LoginBuilder.swift in Sources */ = {isa = PBXBuildFile; fileRef = D78851052CDB8B5E00B1AF7B /* LoginBuilder.swift */; };
		D788510B2CDB8B5E00B1AF7B /* LoginInteractor.swift in Sources */ = {isa = PBXBuildFile; fileRef = D78851062CDB8B5E00B1AF7B /* LoginInteractor.swift */; };
		D788510C2CDB8B5E00B1AF7B /* LoginView.swift in Sources */ = {isa = PBXBuildFile; fileRef = D78851072CDB8B5E00B1AF7B /* LoginView.swift */; };
		D78851142CDBCADE00B1AF7B /* ClousestCofeePresenter.swift in Sources */ = {isa = PBXBuildFile; fileRef = D788510F2CDBCADE00B1AF7B /* ClousestCofeePresenter.swift */; };
		D78851152CDBCADE00B1AF7B /* ClousestCofeeRouter.swift in Sources */ = {isa = PBXBuildFile; fileRef = D78851102CDBCADE00B1AF7B /* ClousestCofeeRouter.swift */; };
		D78851162CDBCADE00B1AF7B /* ClousestCofeeBuilder.swift in Sources */ = {isa = PBXBuildFile; fileRef = D78851112CDBCADE00B1AF7B /* ClousestCofeeBuilder.swift */; };
		D78851172CDBCADE00B1AF7B /* ClousestCofeeInteractor.swift in Sources */ = {isa = PBXBuildFile; fileRef = D78851122CDBCADE00B1AF7B /* ClousestCofeeInteractor.swift */; };
		D78851182CDBCADE00B1AF7B /* ClousestCofeeView.swift in Sources */ = {isa = PBXBuildFile; fileRef = D78851132CDBCADE00B1AF7B /* ClousestCofeeView.swift */; };
		D788511A2CDC101F00B1AF7B /* CustomTableViewPlaceCell.swift in Sources */ = {isa = PBXBuildFile; fileRef = D78851192CDC101F00B1AF7B /* CustomTableViewPlaceCell.swift */; };
		D788511C2CDD0A0400B1AF7B /* LocationService.swift in Sources */ = {isa = PBXBuildFile; fileRef = D788511B2CDD0A0400B1AF7B /* LocationService.swift */; };
		D788511E2CDE208800B1AF7B /* StorageManager.swift in Sources */ = {isa = PBXBuildFile; fileRef = D788511D2CDE208800B1AF7B /* StorageManager.swift */; };
		D7A010962CECB5CB00B9836B /* RegistrationTest.swift in Sources */ = {isa = PBXBuildFile; fileRef = D7A010952CECB5CB00B9836B /* RegistrationTest.swift */; };
		D7D5F8922CE20DC700447B84 /* LocationFromServer.swift in Sources */ = {isa = PBXBuildFile; fileRef = D7D5F8912CE20DC700447B84 /* LocationFromServer.swift */; };
		D7D5F8992CE24AB500447B84 /* OrderPresenter.swift in Sources */ = {isa = PBXBuildFile; fileRef = D7D5F8942CE24AB400447B84 /* OrderPresenter.swift */; };
		D7D5F89A2CE24AB500447B84 /* OrderRouter.swift in Sources */ = {isa = PBXBuildFile; fileRef = D7D5F8952CE24AB400447B84 /* OrderRouter.swift */; };
		D7D5F89B2CE24AB500447B84 /* OrderBuilder.swift in Sources */ = {isa = PBXBuildFile; fileRef = D7D5F8962CE24AB400447B84 /* OrderBuilder.swift */; };
		D7D5F89C2CE24AB500447B84 /* OrderInteractor.swift in Sources */ = {isa = PBXBuildFile; fileRef = D7D5F8972CE24AB400447B84 /* OrderInteractor.swift */; };
		D7D5F89D2CE24AB500447B84 /* OrderView.swift in Sources */ = {isa = PBXBuildFile; fileRef = D7D5F8982CE24AB400447B84 /* OrderView.swift */; };
		D7D5F8A12CE2510200447B84 /* DrinksService.swift in Sources */ = {isa = PBXBuildFile; fileRef = D7D5F8A02CE2510200447B84 /* DrinksService.swift */; };
		D7D5F8A32CE2521100447B84 /* CofeeDrinksServer.swift in Sources */ = {isa = PBXBuildFile; fileRef = D7D5F8A22CE2521100447B84 /* CofeeDrinksServer.swift */; };
		D7D5F8A52CE259C800447B84 /* APIProtocol.swift in Sources */ = {isa = PBXBuildFile; fileRef = D7D5F8A42CE259C800447B84 /* APIProtocol.swift */; };
		D7D5F8A72CE2727600447B84 /* CustomCollectionViewCell.swift in Sources */ = {isa = PBXBuildFile; fileRef = D7D5F8A62CE2727600447B84 /* CustomCollectionViewCell.swift */; };
		D7D5F8A92CE3838B00447B84 /* FetchImageService.swift in Sources */ = {isa = PBXBuildFile; fileRef = D7D5F8A82CE3838B00447B84 /* FetchImageService.swift */; };
		D7D5F8AB2CE3889B00447B84 /* CofeeDrinksCellModell.swift in Sources */ = {isa = PBXBuildFile; fileRef = D7D5F8AA2CE3889B00447B84 /* CofeeDrinksCellModell.swift */; };
		D7D5F8AD2CE3B3E800447B84 /* CustomCounterView.swift in Sources */ = {isa = PBXBuildFile; fileRef = D7D5F8AC2CE3B3E800447B84 /* CustomCounterView.swift */; };
		D7D5F8B62CE5057D00447B84 /* MadeOrderPresenter.swift in Sources */ = {isa = PBXBuildFile; fileRef = D7D5F8B12CE5057D00447B84 /* MadeOrderPresenter.swift */; };
		D7D5F8B72CE5057D00447B84 /* MadeOrderRouter.swift in Sources */ = {isa = PBXBuildFile; fileRef = D7D5F8B22CE5057D00447B84 /* MadeOrderRouter.swift */; };
		D7D5F8B82CE5057D00447B84 /* MadeOrderBuilder.swift in Sources */ = {isa = PBXBuildFile; fileRef = D7D5F8B32CE5057D00447B84 /* MadeOrderBuilder.swift */; };
		D7D5F8B92CE5057D00447B84 /* MadeOrderInteractor.swift in Sources */ = {isa = PBXBuildFile; fileRef = D7D5F8B42CE5057D00447B84 /* MadeOrderInteractor.swift */; };
		D7D5F8BA2CE5057D00447B84 /* MadeOrderView.swift in Sources */ = {isa = PBXBuildFile; fileRef = D7D5F8B52CE5057D00447B84 /* MadeOrderView.swift */; };
		D7D5F8BC2CE5089100447B84 /* CustomTableViewDrinkCell.swift in Sources */ = {isa = PBXBuildFile; fileRef = D7D5F8BB2CE5089100447B84 /* CustomTableViewDrinkCell.swift */; };
		D7F66DC12CE665040048BA29 /* YandexMapPresenter.swift in Sources */ = {isa = PBXBuildFile; fileRef = D7F66DBC2CE665040048BA29 /* YandexMapPresenter.swift */; };
		D7F66DC22CE665040048BA29 /* YandexMapRouter.swift in Sources */ = {isa = PBXBuildFile; fileRef = D7F66DBD2CE665040048BA29 /* YandexMapRouter.swift */; };
		D7F66DC32CE665040048BA29 /* YandexMapBuilder.swift in Sources */ = {isa = PBXBuildFile; fileRef = D7F66DBE2CE665040048BA29 /* YandexMapBuilder.swift */; };
		D7F66DC42CE665040048BA29 /* YandexMapInteractor.swift in Sources */ = {isa = PBXBuildFile; fileRef = D7F66DBF2CE665040048BA29 /* YandexMapInteractor.swift */; };
		D7F66DC52CE665040048BA29 /* YandexMapView.swift in Sources */ = {isa = PBXBuildFile; fileRef = D7F66DC02CE665040048BA29 /* YandexMapView.swift */; };
/* End PBXBuildFile section */

/* Begin PBXContainerItemProxy section */
		D7A010902CECB57700B9836B /* PBXContainerItemProxy */ = {
			isa = PBXContainerItemProxy;
			containerPortal = D72926012CD13741009946FB /* Project object */;
			proxyType = 1;
			remoteGlobalIDString = D72926082CD13741009946FB;
			remoteInfo = "Order Coffe";
		};
/* End PBXContainerItemProxy section */

/* Begin PBXFileReference section */
		710951365F9D92D01A76508C /* libPods-Order Coffe.a */ = {isa = PBXFileReference; explicitFileType = archive.ar; includeInIndex = 0; path = "libPods-Order Coffe.a"; sourceTree = BUILT_PRODUCTS_DIR; };
		CEE5D8BA0465E8091A4CBA21 /* Pods-Order Coffe.debug.xcconfig */ = {isa = PBXFileReference; includeInIndex = 1; lastKnownFileType = text.xcconfig; name = "Pods-Order Coffe.debug.xcconfig"; path = "Target Support Files/Pods-Order Coffe/Pods-Order Coffe.debug.xcconfig"; sourceTree = "<group>"; };
		D72926092CD13741009946FB /* Order Coffe.app */ = {isa = PBXFileReference; explicitFileType = wrapper.application; includeInIndex = 0; path = "Order Coffe.app"; sourceTree = BUILT_PRODUCTS_DIR; };
		D729260C2CD13741009946FB /* AppDelegate.swift */ = {isa = PBXFileReference; lastKnownFileType = sourcecode.swift; path = AppDelegate.swift; sourceTree = "<group>"; };
		D729260E2CD13741009946FB /* SceneDelegate.swift */ = {isa = PBXFileReference; lastKnownFileType = sourcecode.swift; path = SceneDelegate.swift; sourceTree = "<group>"; };
		D72926152CD13744009946FB /* Assets.xcassets */ = {isa = PBXFileReference; lastKnownFileType = folder.assetcatalog; path = Assets.xcassets; sourceTree = "<group>"; };
		D72926182CD13744009946FB /* Base */ = {isa = PBXFileReference; lastKnownFileType = file.storyboard; name = Base; path = Base.lproj/LaunchScreen.storyboard; sourceTree = "<group>"; };
		D729261A2CD13744009946FB /* Info.plist */ = {isa = PBXFileReference; lastKnownFileType = text.plist.xml; path = Info.plist; sourceTree = "<group>"; };
		D729262F2CD1433F009946FB /* RegistrationPresenter.swift */ = {isa = PBXFileReference; lastKnownFileType = sourcecode.swift; name = RegistrationPresenter.swift; path = "Order Coffe/RegistrationPresenter.swift"; sourceTree = SOURCE_ROOT; };
		D72926302CD1433F009946FB /* RegistrationRouter.swift */ = {isa = PBXFileReference; lastKnownFileType = sourcecode.swift; name = RegistrationRouter.swift; path = "Order Coffe/RegistrationRouter.swift"; sourceTree = SOURCE_ROOT; };
		D72926312CD1433F009946FB /* RegistrationBuilder.swift */ = {isa = PBXFileReference; lastKnownFileType = sourcecode.swift; name = RegistrationBuilder.swift; path = "Order Coffe/RegistrationBuilder.swift"; sourceTree = SOURCE_ROOT; };
		D72926322CD1433F009946FB /* RegistrationInteractor.swift */ = {isa = PBXFileReference; lastKnownFileType = sourcecode.swift; name = RegistrationInteractor.swift; path = "Order Coffe/RegistrationInteractor.swift"; sourceTree = SOURCE_ROOT; };
		D72926332CD1433F009946FB /* RegistrationView.swift */ = {isa = PBXFileReference; lastKnownFileType = sourcecode.swift; name = RegistrationView.swift; path = "Order Coffe/RegistrationView.swift"; sourceTree = SOURCE_ROOT; };
		D729263A2CD14424009946FB /* CustomNavigationController.swift */ = {isa = PBXFileReference; lastKnownFileType = sourcecode.swift; path = CustomNavigationController.swift; sourceTree = "<group>"; };
		D729263D2CD14508009946FB /* SetRGBColor.swift */ = {isa = PBXFileReference; lastKnownFileType = sourcecode.swift; path = SetRGBColor.swift; sourceTree = "<group>"; };
		D729263F2CD23C29009946FB /* ColorLibrery.swift */ = {isa = PBXFileReference; lastKnownFileType = sourcecode.swift; path = ColorLibrery.swift; sourceTree = "<group>"; };
		D72926412CD24240009946FB /* CustomTextFieldWithTitle.swift */ = {isa = PBXFileReference; lastKnownFileType = sourcecode.swift; path = CustomTextFieldWithTitle.swift; sourceTree = "<group>"; };
		D7335F5E2CD2711200A75A84 /* CustomTextField.swift */ = {isa = PBXFileReference; lastKnownFileType = sourcecode.swift; name = CustomTextField.swift; path = "Order Coffe/UI-Components/CustomTextField.swift"; sourceTree = SOURCE_ROOT; };
		D7335F602CD28E1D00A75A84 /* CustomButton.swift */ = {isa = PBXFileReference; lastKnownFileType = sourcecode.swift; name = CustomButton.swift; path = "Order Coffe/UI-Components/CustomButton.swift"; sourceTree = SOURCE_ROOT; };
		D7335F622CD3AAB000A75A84 /* AuthManager.swift */ = {isa = PBXFileReference; lastKnownFileType = sourcecode.swift; name = AuthManager.swift; path = "Order Coffe/Helpers/AuthManager.swift"; sourceTree = SOURCE_ROOT; };
		D78850FB2CDA312100B1AF7B /* AuthService.swift */ = {isa = PBXFileReference; lastKnownFileType = sourcecode.swift; path = AuthService.swift; sourceTree = "<group>"; };
		D78851002CDA86C600B1AF7B /* AuthAlertController.swift */ = {isa = PBXFileReference; lastKnownFileType = sourcecode.swift; path = AuthAlertController.swift; sourceTree = "<group>"; };
		D78851032CDB8B5E00B1AF7B /* LoginPresenter.swift */ = {isa = PBXFileReference; lastKnownFileType = sourcecode.swift; path = LoginPresenter.swift; sourceTree = "<group>"; };
		D78851042CDB8B5E00B1AF7B /* LoginRouter.swift */ = {isa = PBXFileReference; lastKnownFileType = sourcecode.swift; path = LoginRouter.swift; sourceTree = "<group>"; };
		D78851052CDB8B5E00B1AF7B /* LoginBuilder.swift */ = {isa = PBXFileReference; lastKnownFileType = sourcecode.swift; path = LoginBuilder.swift; sourceTree = "<group>"; };
		D78851062CDB8B5E00B1AF7B /* LoginInteractor.swift */ = {isa = PBXFileReference; lastKnownFileType = sourcecode.swift; path = LoginInteractor.swift; sourceTree = "<group>"; };
		D78851072CDB8B5E00B1AF7B /* LoginView.swift */ = {isa = PBXFileReference; lastKnownFileType = sourcecode.swift; path = LoginView.swift; sourceTree = "<group>"; };
		D788510F2CDBCADE00B1AF7B /* ClousestCofeePresenter.swift */ = {isa = PBXFileReference; lastKnownFileType = sourcecode.swift; path = ClousestCofeePresenter.swift; sourceTree = "<group>"; };
		D78851102CDBCADE00B1AF7B /* ClousestCofeeRouter.swift */ = {isa = PBXFileReference; lastKnownFileType = sourcecode.swift; path = ClousestCofeeRouter.swift; sourceTree = "<group>"; };
		D78851112CDBCADE00B1AF7B /* ClousestCofeeBuilder.swift */ = {isa = PBXFileReference; lastKnownFileType = sourcecode.swift; path = ClousestCofeeBuilder.swift; sourceTree = "<group>"; };
		D78851122CDBCADE00B1AF7B /* ClousestCofeeInteractor.swift */ = {isa = PBXFileReference; lastKnownFileType = sourcecode.swift; path = ClousestCofeeInteractor.swift; sourceTree = "<group>"; };
		D78851132CDBCADE00B1AF7B /* ClousestCofeeView.swift */ = {isa = PBXFileReference; lastKnownFileType = sourcecode.swift; path = ClousestCofeeView.swift; sourceTree = "<group>"; };
		D78851192CDC101F00B1AF7B /* CustomTableViewPlaceCell.swift */ = {isa = PBXFileReference; lastKnownFileType = sourcecode.swift; path = CustomTableViewPlaceCell.swift; sourceTree = "<group>"; };
		D788511B2CDD0A0400B1AF7B /* LocationService.swift */ = {isa = PBXFileReference; lastKnownFileType = sourcecode.swift; path = LocationService.swift; sourceTree = "<group>"; };
		D788511D2CDE208800B1AF7B /* StorageManager.swift */ = {isa = PBXFileReference; lastKnownFileType = sourcecode.swift; path = StorageManager.swift; sourceTree = "<group>"; };
		D7A0108C2CECB57600B9836B /* Order CoffeTests.xctest */ = {isa = PBXFileReference; explicitFileType = wrapper.cfbundle; includeInIndex = 0; path = "Order CoffeTests.xctest"; sourceTree = BUILT_PRODUCTS_DIR; };
		D7A010952CECB5CB00B9836B /* RegistrationTest.swift */ = {isa = PBXFileReference; lastKnownFileType = sourcecode.swift; path = RegistrationTest.swift; sourceTree = "<group>"; };
		D7D5F8912CE20DC700447B84 /* LocationFromServer.swift */ = {isa = PBXFileReference; lastKnownFileType = sourcecode.swift; path = LocationFromServer.swift; sourceTree = "<group>"; };
		D7D5F8942CE24AB400447B84 /* OrderPresenter.swift */ = {isa = PBXFileReference; lastKnownFileType = sourcecode.swift; path = OrderPresenter.swift; sourceTree = "<group>"; };
		D7D5F8952CE24AB400447B84 /* OrderRouter.swift */ = {isa = PBXFileReference; lastKnownFileType = sourcecode.swift; path = OrderRouter.swift; sourceTree = "<group>"; };
		D7D5F8962CE24AB400447B84 /* OrderBuilder.swift */ = {isa = PBXFileReference; lastKnownFileType = sourcecode.swift; path = OrderBuilder.swift; sourceTree = "<group>"; };
		D7D5F8972CE24AB400447B84 /* OrderInteractor.swift */ = {isa = PBXFileReference; lastKnownFileType = sourcecode.swift; path = OrderInteractor.swift; sourceTree = "<group>"; };
		D7D5F8982CE24AB400447B84 /* OrderView.swift */ = {isa = PBXFileReference; lastKnownFileType = sourcecode.swift; path = OrderView.swift; sourceTree = "<group>"; };
		D7D5F8A02CE2510200447B84 /* DrinksService.swift */ = {isa = PBXFileReference; lastKnownFileType = sourcecode.swift; path = DrinksService.swift; sourceTree = "<group>"; };
		D7D5F8A22CE2521100447B84 /* CofeeDrinksServer.swift */ = {isa = PBXFileReference; lastKnownFileType = sourcecode.swift; path = CofeeDrinksServer.swift; sourceTree = "<group>"; };
		D7D5F8A42CE259C800447B84 /* APIProtocol.swift */ = {isa = PBXFileReference; lastKnownFileType = sourcecode.swift; path = APIProtocol.swift; sourceTree = "<group>"; };
		D7D5F8A62CE2727600447B84 /* CustomCollectionViewCell.swift */ = {isa = PBXFileReference; lastKnownFileType = sourcecode.swift; path = CustomCollectionViewCell.swift; sourceTree = "<group>"; };
		D7D5F8A82CE3838B00447B84 /* FetchImageService.swift */ = {isa = PBXFileReference; lastKnownFileType = sourcecode.swift; path = FetchImageService.swift; sourceTree = "<group>"; };
		D7D5F8AA2CE3889B00447B84 /* CofeeDrinksCellModell.swift */ = {isa = PBXFileReference; lastKnownFileType = sourcecode.swift; path = CofeeDrinksCellModell.swift; sourceTree = "<group>"; };
		D7D5F8AC2CE3B3E800447B84 /* CustomCounterView.swift */ = {isa = PBXFileReference; lastKnownFileType = sourcecode.swift; path = CustomCounterView.swift; sourceTree = "<group>"; };
		D7D5F8B12CE5057D00447B84 /* MadeOrderPresenter.swift */ = {isa = PBXFileReference; lastKnownFileType = sourcecode.swift; path = MadeOrderPresenter.swift; sourceTree = "<group>"; };
		D7D5F8B22CE5057D00447B84 /* MadeOrderRouter.swift */ = {isa = PBXFileReference; lastKnownFileType = sourcecode.swift; path = MadeOrderRouter.swift; sourceTree = "<group>"; };
		D7D5F8B32CE5057D00447B84 /* MadeOrderBuilder.swift */ = {isa = PBXFileReference; lastKnownFileType = sourcecode.swift; path = MadeOrderBuilder.swift; sourceTree = "<group>"; };
		D7D5F8B42CE5057D00447B84 /* MadeOrderInteractor.swift */ = {isa = PBXFileReference; lastKnownFileType = sourcecode.swift; path = MadeOrderInteractor.swift; sourceTree = "<group>"; };
		D7D5F8B52CE5057D00447B84 /* MadeOrderView.swift */ = {isa = PBXFileReference; lastKnownFileType = sourcecode.swift; path = MadeOrderView.swift; sourceTree = "<group>"; };
		D7D5F8BB2CE5089100447B84 /* CustomTableViewDrinkCell.swift */ = {isa = PBXFileReference; lastKnownFileType = sourcecode.swift; path = CustomTableViewDrinkCell.swift; sourceTree = "<group>"; };
		D7F66DBC2CE665040048BA29 /* YandexMapPresenter.swift */ = {isa = PBXFileReference; lastKnownFileType = sourcecode.swift; path = YandexMapPresenter.swift; sourceTree = "<group>"; };
		D7F66DBD2CE665040048BA29 /* YandexMapRouter.swift */ = {isa = PBXFileReference; lastKnownFileType = sourcecode.swift; path = YandexMapRouter.swift; sourceTree = "<group>"; };
		D7F66DBE2CE665040048BA29 /* YandexMapBuilder.swift */ = {isa = PBXFileReference; lastKnownFileType = sourcecode.swift; path = YandexMapBuilder.swift; sourceTree = "<group>"; };
		D7F66DBF2CE665040048BA29 /* YandexMapInteractor.swift */ = {isa = PBXFileReference; lastKnownFileType = sourcecode.swift; path = YandexMapInteractor.swift; sourceTree = "<group>"; };
		D7F66DC02CE665040048BA29 /* YandexMapView.swift */ = {isa = PBXFileReference; lastKnownFileType = sourcecode.swift; path = YandexMapView.swift; sourceTree = "<group>"; };
		F706203A52042E763DDA9777 /* Pods-Order Coffe.release.xcconfig */ = {isa = PBXFileReference; includeInIndex = 1; lastKnownFileType = text.xcconfig; name = "Pods-Order Coffe.release.xcconfig"; path = "Target Support Files/Pods-Order Coffe/Pods-Order Coffe.release.xcconfig"; sourceTree = "<group>"; };
/* End PBXFileReference section */

/* Begin PBXFrameworksBuildPhase section */
		D72926062CD13741009946FB /* Frameworks */ = {
			isa = PBXFrameworksBuildPhase;
			buildActionMask = 2147483647;
			files = (
				D72926452CD244FE009946FB /* SnapKit in Frameworks */,
				D78850FF2CDA381B00B1AF7B /* Alamofire in Frameworks */,
				1DA8D7BEF0BF2387624F42DA /* libPods-Order Coffe.a in Frameworks */,
			);
			runOnlyForDeploymentPostprocessing = 0;
		};
		D7A010892CECB57600B9836B /* Frameworks */ = {
			isa = PBXFrameworksBuildPhase;
			buildActionMask = 2147483647;
			files = (
			);
			runOnlyForDeploymentPostprocessing = 0;
		};
/* End PBXFrameworksBuildPhase section */

/* Begin PBXGroup section */
		161399F966DB86DA8BB1F605 /* Pods */ = {
			isa = PBXGroup;
			children = (
				CEE5D8BA0465E8091A4CBA21 /* Pods-Order Coffe.debug.xcconfig */,
				F706203A52042E763DDA9777 /* Pods-Order Coffe.release.xcconfig */,
			);
			path = Pods;
			sourceTree = "<group>";
		};
		99405304E2DEDAAB4FF41968 /* Frameworks */ = {
			isa = PBXGroup;
			children = (
				710951365F9D92D01A76508C /* libPods-Order Coffe.a */,
			);
			name = Frameworks;
			sourceTree = "<group>";
		};
		D72926002CD13741009946FB = {
			isa = PBXGroup;
			children = (
				D729260B2CD13741009946FB /* Order Coffe */,
				D729260A2CD13741009946FB /* Products */,
				161399F966DB86DA8BB1F605 /* Pods */,
				99405304E2DEDAAB4FF41968 /* Frameworks */,
			);
			sourceTree = "<group>";
		};
		D729260A2CD13741009946FB /* Products */ = {
			isa = PBXGroup;
			children = (
				D72926092CD13741009946FB /* Order Coffe.app */,
				D7A0108C2CECB57600B9836B /* Order CoffeTests.xctest */,
			);
			name = Products;
			sourceTree = "<group>";
		};
		D729260B2CD13741009946FB /* Order Coffe */ = {
			isa = PBXGroup;
			children = (
				D72926222CD13A0B009946FB /* API */,
				D72926202CD138F2009946FB /* Application */,
				D729263C2CD144C9009946FB /* Core */,
				D788510D2CDBCA4F00B1AF7B /* Helpers */,
				D7D5F89F2CE2506E00447B84 /* Moudels */,
				D72926212CD13918009946FB /* Resources */,
				D7D5F89E2CE2504700447B84 /* Storage */,
				D7A0108D2CECB57700B9836B /* Order CoffeTests */,
				D72926392CD14350009946FB /* UI-Components */,
			);
			path = "Order Coffe";
			sourceTree = "<group>";
		};
		D72926202CD138F2009946FB /* Application */ = {
			isa = PBXGroup;
			children = (
				D729260C2CD13741009946FB /* AppDelegate.swift */,
				D729260E2CD13741009946FB /* SceneDelegate.swift */,
			);
			path = Application;
			sourceTree = "<group>";
		};
		D72926212CD13918009946FB /* Resources */ = {
			isa = PBXGroup;
			children = (
				D72926152CD13744009946FB /* Assets.xcassets */,
				D72926172CD13744009946FB /* LaunchScreen.storyboard */,
				D729261A2CD13744009946FB /* Info.plist */,
			);
			path = Resources;
			sourceTree = "<group>";
		};
		D72926222CD13A0B009946FB /* API */ = {
			isa = PBXGroup;
			children = (
				D78850FB2CDA312100B1AF7B /* AuthService.swift */,
				D788511B2CDD0A0400B1AF7B /* LocationService.swift */,
				D7D5F8A82CE3838B00447B84 /* FetchImageService.swift */,
				D7D5F8A02CE2510200447B84 /* DrinksService.swift */,
				D7D5F8A42CE259C800447B84 /* APIProtocol.swift */,
			);
			path = API;
			sourceTree = "<group>";
		};
		D72926232CD13AAA009946FB /* Registration */ = {
			isa = PBXGroup;
			children = (
				D72926302CD1433F009946FB /* RegistrationRouter.swift */,
				D72926312CD1433F009946FB /* RegistrationBuilder.swift */,
				D72926322CD1433F009946FB /* RegistrationInteractor.swift */,
				D729262F2CD1433F009946FB /* RegistrationPresenter.swift */,
				D72926332CD1433F009946FB /* RegistrationView.swift */,
			);
			path = Registration;
			sourceTree = "<group>";
		};
		D72926392CD14350009946FB /* UI-Components */ = {
			isa = PBXGroup;
			children = (
				D78851002CDA86C600B1AF7B /* AuthAlertController.swift */,
				D7335F602CD28E1D00A75A84 /* CustomButton.swift */,
				D729263A2CD14424009946FB /* CustomNavigationController.swift */,
				D72926412CD24240009946FB /* CustomTextFieldWithTitle.swift */,
				D7335F5E2CD2711200A75A84 /* CustomTextField.swift */,
				D78851192CDC101F00B1AF7B /* CustomTableViewPlaceCell.swift */,
				D7D5F8BB2CE5089100447B84 /* CustomTableViewDrinkCell.swift */,
				D7D5F8A62CE2727600447B84 /* CustomCollectionViewCell.swift */,
				D7D5F8AC2CE3B3E800447B84 /* CustomCounterView.swift */,
			);
			path = "UI-Components";
			sourceTree = "<group>";
		};
		D729263C2CD144C9009946FB /* Core */ = {
			isa = PBXGroup;
			children = (
				D729263D2CD14508009946FB /* SetRGBColor.swift */,
				D729263F2CD23C29009946FB /* ColorLibrery.swift */,
			);
			path = Core;
			sourceTree = "<group>";
		};
		D78851022CDB8B2200B1AF7B /* Login */ = {
			isa = PBXGroup;
			children = (
				D78851042CDB8B5E00B1AF7B /* LoginRouter.swift */,
				D78851052CDB8B5E00B1AF7B /* LoginBuilder.swift */,
				D78851062CDB8B5E00B1AF7B /* LoginInteractor.swift */,
				D78851032CDB8B5E00B1AF7B /* LoginPresenter.swift */,
				D78851072CDB8B5E00B1AF7B /* LoginView.swift */,
			);
			path = Login;
			sourceTree = "<group>";
		};
		D788510D2CDBCA4F00B1AF7B /* Helpers */ = {
			isa = PBXGroup;
			children = (
				D7D5F8912CE20DC700447B84 /* LocationFromServer.swift */,
				D7335F622CD3AAB000A75A84 /* AuthManager.swift */,
				D7D5F8AA2CE3889B00447B84 /* CofeeDrinksCellModell.swift */,
				D7D5F8A22CE2521100447B84 /* CofeeDrinksServer.swift */,
			);
			path = Helpers;
			sourceTree = "<group>";
		};
		D788510E2CDBCA8F00B1AF7B /* ClousestCofee */ = {
			isa = PBXGroup;
			children = (
				D78851102CDBCADE00B1AF7B /* ClousestCofeeRouter.swift */,
				D78851112CDBCADE00B1AF7B /* ClousestCofeeBuilder.swift */,
				D78851122CDBCADE00B1AF7B /* ClousestCofeeInteractor.swift */,
				D788510F2CDBCADE00B1AF7B /* ClousestCofeePresenter.swift */,
				D78851132CDBCADE00B1AF7B /* ClousestCofeeView.swift */,
			);
			path = ClousestCofee;
			sourceTree = "<group>";
		};
		D7A0108D2CECB57700B9836B /* Order CoffeTests */ = {
			isa = PBXGroup;
			children = (
				D7A010952CECB5CB00B9836B /* RegistrationTest.swift */,
			);
			path = "Order CoffeTests";
			sourceTree = "<group>";
		};
		D7D5F8932CE24A8100447B84 /* Order */ = {
			isa = PBXGroup;
			children = (
				D7D5F8952CE24AB400447B84 /* OrderRouter.swift */,
				D7D5F8962CE24AB400447B84 /* OrderBuilder.swift */,
				D7D5F8972CE24AB400447B84 /* OrderInteractor.swift */,
				D7D5F8942CE24AB400447B84 /* OrderPresenter.swift */,
				D7D5F8982CE24AB400447B84 /* OrderView.swift */,
			);
			path = Order;
			sourceTree = "<group>";
		};
		D7D5F89E2CE2504700447B84 /* Storage */ = {
			isa = PBXGroup;
			children = (
				D788511D2CDE208800B1AF7B /* StorageManager.swift */,
			);
			path = Storage;
			sourceTree = "<group>";
		};
		D7D5F89F2CE2506E00447B84 /* Moudels */ = {
			isa = PBXGroup;
			children = (
				D72926232CD13AAA009946FB /* Registration */,
				D78851022CDB8B2200B1AF7B /* Login */,
				D788510E2CDBCA8F00B1AF7B /* ClousestCofee */,
				D7F66DBB2CE664CA0048BA29 /* YandexMap */,
				D7D5F8932CE24A8100447B84 /* Order */,
				D7D5F8B02CE5054100447B84 /* MadeOrder */,
			);
			path = Moudels;
			sourceTree = "<group>";
		};
		D7D5F8B02CE5054100447B84 /* MadeOrder */ = {
			isa = PBXGroup;
			children = (
				D7D5F8B22CE5057D00447B84 /* MadeOrderRouter.swift */,
				D7D5F8B32CE5057D00447B84 /* MadeOrderBuilder.swift */,
				D7D5F8B42CE5057D00447B84 /* MadeOrderInteractor.swift */,
				D7D5F8B12CE5057D00447B84 /* MadeOrderPresenter.swift */,
				D7D5F8B52CE5057D00447B84 /* MadeOrderView.swift */,
			);
			path = MadeOrder;
			sourceTree = "<group>";
		};
		D7F66DBB2CE664CA0048BA29 /* YandexMap */ = {
			isa = PBXGroup;
			children = (
				D7F66DBD2CE665040048BA29 /* YandexMapRouter.swift */,
				D7F66DBE2CE665040048BA29 /* YandexMapBuilder.swift */,
				D7F66DBF2CE665040048BA29 /* YandexMapInteractor.swift */,
				D7F66DBC2CE665040048BA29 /* YandexMapPresenter.swift */,
				D7F66DC02CE665040048BA29 /* YandexMapView.swift */,
			);
			path = YandexMap;
			sourceTree = "<group>";
		};
/* End PBXGroup section */

/* Begin PBXNativeTarget section */
		D72926082CD13741009946FB /* Order Coffe */ = {
			isa = PBXNativeTarget;
			buildConfigurationList = D729261D2CD13744009946FB /* Build configuration list for PBXNativeTarget "Order Coffe" */;
			buildPhases = (
				3DCA2EC6233624B822584AE6 /* [CP] Check Pods Manifest.lock */,
				D72926052CD13741009946FB /* Sources */,
				D72926062CD13741009946FB /* Frameworks */,
				D72926072CD13741009946FB /* Resources */,
				B96897156A55487333136194 /* [CP] Copy Pods Resources */,
			);
			buildRules = (
			);
			dependencies = (
			);
			name = "Order Coffe";
			packageProductDependencies = (
				D72926442CD244FE009946FB /* SnapKit */,
				D78850FE2CDA381B00B1AF7B /* Alamofire */,
			);
			productName = "Order Coffe";
			productReference = D72926092CD13741009946FB /* Order Coffe.app */;
			productType = "com.apple.product-type.application";
		};
		D7A0108B2CECB57600B9836B /* Order CoffeTests */ = {
			isa = PBXNativeTarget;
			buildConfigurationList = D7A010942CECB57700B9836B /* Build configuration list for PBXNativeTarget "Order CoffeTests" */;
			buildPhases = (
				D7A010882CECB57600B9836B /* Sources */,
				D7A010892CECB57600B9836B /* Frameworks */,
				D7A0108A2CECB57600B9836B /* Resources */,
			);
			buildRules = (
			);
			dependencies = (
				D7A010912CECB57700B9836B /* PBXTargetDependency */,
			);
			name = "Order CoffeTests";
			productName = "Order CoffeTests";
			productReference = D7A0108C2CECB57600B9836B /* Order CoffeTests.xctest */;
			productType = "com.apple.product-type.bundle.unit-test";
		};
/* End PBXNativeTarget section */

/* Begin PBXProject section */
		D72926012CD13741009946FB /* Project object */ = {
			isa = PBXProject;
			attributes = {
				BuildIndependentTargetsInParallel = 1;
				LastSwiftUpdateCheck = 1430;
				LastUpgradeCheck = 1430;
				TargetAttributes = {
					D72926082CD13741009946FB = {
						CreatedOnToolsVersion = 14.3.1;
					};
					D7A0108B2CECB57600B9836B = {
						CreatedOnToolsVersion = 14.3.1;
						LastSwiftMigration = 1430;
						TestTargetID = D72926082CD13741009946FB;
					};
				};
			};
			buildConfigurationList = D72926042CD13741009946FB /* Build configuration list for PBXProject "Order Coffe" */;
			compatibilityVersion = "Xcode 14.0";
			developmentRegion = en;
			hasScannedForEncodings = 0;
			knownRegions = (
				en,
				Base,
			);
			mainGroup = D72926002CD13741009946FB;
			packageReferences = (
				D72926432CD244FE009946FB /* XCRemoteSwiftPackageReference "SnapKit" */,
				D78850FD2CDA381B00B1AF7B /* XCRemoteSwiftPackageReference "Alamofire" */,
			);
			productRefGroup = D729260A2CD13741009946FB /* Products */;
			projectDirPath = "";
			projectRoot = "";
			targets = (
				D72926082CD13741009946FB /* Order Coffe */,
				D7A0108B2CECB57600B9836B /* Order CoffeTests */,
			);
		};
/* End PBXProject section */

/* Begin PBXResourcesBuildPhase section */
		D72926072CD13741009946FB /* Resources */ = {
			isa = PBXResourcesBuildPhase;
			buildActionMask = 2147483647;
			files = (
				D72926192CD13744009946FB /* LaunchScreen.storyboard in Resources */,
				D72926162CD13744009946FB /* Assets.xcassets in Resources */,
			);
			runOnlyForDeploymentPostprocessing = 0;
		};
		D7A0108A2CECB57600B9836B /* Resources */ = {
			isa = PBXResourcesBuildPhase;
			buildActionMask = 2147483647;
			files = (
			);
			runOnlyForDeploymentPostprocessing = 0;
		};
/* End PBXResourcesBuildPhase section */

/* Begin PBXShellScriptBuildPhase section */
		3DCA2EC6233624B822584AE6 /* [CP] Check Pods Manifest.lock */ = {
			isa = PBXShellScriptBuildPhase;
			buildActionMask = 2147483647;
			files = (
			);
			inputFileListPaths = (
			);
			inputPaths = (
				"${PODS_PODFILE_DIR_PATH}/Podfile.lock",
				"${PODS_ROOT}/Manifest.lock",
			);
			name = "[CP] Check Pods Manifest.lock";
			outputFileListPaths = (
			);
			outputPaths = (
				"$(DERIVED_FILE_DIR)/Pods-Order Coffe-checkManifestLockResult.txt",
			);
			runOnlyForDeploymentPostprocessing = 0;
			shellPath = /bin/sh;
			shellScript = "diff \"${PODS_PODFILE_DIR_PATH}/Podfile.lock\" \"${PODS_ROOT}/Manifest.lock\" > /dev/null\nif [ $? != 0 ] ; then\n    # print error to STDERR\n    echo \"error: The sandbox is not in sync with the Podfile.lock. Run 'pod install' or update your CocoaPods installation.\" >&2\n    exit 1\nfi\n# This output is used by Xcode 'outputs' to avoid re-running this script phase.\necho \"SUCCESS\" > \"${SCRIPT_OUTPUT_FILE_0}\"\n";
			showEnvVarsInLog = 0;
		};
		B96897156A55487333136194 /* [CP] Copy Pods Resources */ = {
			isa = PBXShellScriptBuildPhase;
			buildActionMask = 2147483647;
			files = (
			);
			inputFileListPaths = (
				"${PODS_ROOT}/Target Support Files/Pods-Order Coffe/Pods-Order Coffe-resources-${CONFIGURATION}-input-files.xcfilelist",
			);
			name = "[CP] Copy Pods Resources";
			outputFileListPaths = (
				"${PODS_ROOT}/Target Support Files/Pods-Order Coffe/Pods-Order Coffe-resources-${CONFIGURATION}-output-files.xcfilelist",
			);
			runOnlyForDeploymentPostprocessing = 0;
			shellPath = /bin/sh;
			shellScript = "\"${PODS_ROOT}/Target Support Files/Pods-Order Coffe/Pods-Order Coffe-resources.sh\"\n";
			showEnvVarsInLog = 0;
		};
/* End PBXShellScriptBuildPhase section */

/* Begin PBXSourcesBuildPhase section */
		D72926052CD13741009946FB /* Sources */ = {
			isa = PBXSourcesBuildPhase;
			buildActionMask = 2147483647;
			files = (
				D7335F612CD28E1D00A75A84 /* CustomButton.swift in Sources */,
				D78851142CDBCADE00B1AF7B /* ClousestCofeePresenter.swift in Sources */,
				D7D5F8BC2CE5089100447B84 /* CustomTableViewDrinkCell.swift in Sources */,
				D78850FC2CDA312100B1AF7B /* AuthService.swift in Sources */,
				D729260D2CD13741009946FB /* AppDelegate.swift in Sources */,
				D7D5F89D2CE24AB500447B84 /* OrderView.swift in Sources */,
				D7D5F89B2CE24AB500447B84 /* OrderBuilder.swift in Sources */,
				D72926422CD24240009946FB /* CustomTextFieldWithTitle.swift in Sources */,
				D788511E2CDE208800B1AF7B /* StorageManager.swift in Sources */,
				D7D5F8BA2CE5057D00447B84 /* MadeOrderView.swift in Sources */,
				D7D5F8B72CE5057D00447B84 /* MadeOrderRouter.swift in Sources */,
				D72926402CD23C29009946FB /* ColorLibrery.swift in Sources */,
				D72926362CD1433F009946FB /* RegistrationBuilder.swift in Sources */,
				D78851182CDBCADE00B1AF7B /* ClousestCofeeView.swift in Sources */,
				D7D5F89A2CE24AB500447B84 /* OrderRouter.swift in Sources */,
				D7D5F8AB2CE3889B00447B84 /* CofeeDrinksCellModell.swift in Sources */,
				D729263E2CD14508009946FB /* SetRGBColor.swift in Sources */,
				D72926342CD1433F009946FB /* RegistrationPresenter.swift in Sources */,
				D7D5F89C2CE24AB500447B84 /* OrderInteractor.swift in Sources */,
				D788510B2CDB8B5E00B1AF7B /* LoginInteractor.swift in Sources */,
				D7F66DC32CE665040048BA29 /* YandexMapBuilder.swift in Sources */,
				D7D5F8A92CE3838B00447B84 /* FetchImageService.swift in Sources */,
				D7F66DC42CE665040048BA29 /* YandexMapInteractor.swift in Sources */,
				D7D5F8A72CE2727600447B84 /* CustomCollectionViewCell.swift in Sources */,
				D72926382CD1433F009946FB /* RegistrationView.swift in Sources */,
				D7D5F8B82CE5057D00447B84 /* MadeOrderBuilder.swift in Sources */,
				D78851082CDB8B5E00B1AF7B /* LoginPresenter.swift in Sources */,
				D7D5F8A32CE2521100447B84 /* CofeeDrinksServer.swift in Sources */,
				D7D5F8992CE24AB500447B84 /* OrderPresenter.swift in Sources */,
				D78851012CDA86C600B1AF7B /* AuthAlertController.swift in Sources */,
				D788511C2CDD0A0400B1AF7B /* LocationService.swift in Sources */,
				D729263B2CD14424009946FB /* CustomNavigationController.swift in Sources */,
				D7D5F8A12CE2510200447B84 /* DrinksService.swift in Sources */,
				D788510A2CDB8B5E00B1AF7B /* LoginBuilder.swift in Sources */,
				D78851152CDBCADE00B1AF7B /* ClousestCofeeRouter.swift in Sources */,
				D7D5F8A52CE259C800447B84 /* APIProtocol.swift in Sources */,
				D78851162CDBCADE00B1AF7B /* ClousestCofeeBuilder.swift in Sources */,
				D788511A2CDC101F00B1AF7B /* CustomTableViewPlaceCell.swift in Sources */,
				D7F66DC22CE665040048BA29 /* YandexMapRouter.swift in Sources */,
				D7D5F8922CE20DC700447B84 /* LocationFromServer.swift in Sources */,
				D7335F632CD3AAB000A75A84 /* AuthManager.swift in Sources */,
				D78851172CDBCADE00B1AF7B /* ClousestCofeeInteractor.swift in Sources */,
				D788510C2CDB8B5E00B1AF7B /* LoginView.swift in Sources */,
				D7D5F8B92CE5057D00447B84 /* MadeOrderInteractor.swift in Sources */,
				D7F66DC12CE665040048BA29 /* YandexMapPresenter.swift in Sources */,
				D7D5F8B62CE5057D00447B84 /* MadeOrderPresenter.swift in Sources */,
				D7335F5F2CD2711200A75A84 /* CustomTextField.swift in Sources */,
				D78851092CDB8B5E00B1AF7B /* LoginRouter.swift in Sources */,
				D72926372CD1433F009946FB /* RegistrationInteractor.swift in Sources */,
				D729260F2CD13741009946FB /* SceneDelegate.swift in Sources */,
				D7D5F8AD2CE3B3E800447B84 /* CustomCounterView.swift in Sources */,
				D7F66DC52CE665040048BA29 /* YandexMapView.swift in Sources */,
				D72926352CD1433F009946FB /* RegistrationRouter.swift in Sources */,
			);
			runOnlyForDeploymentPostprocessing = 0;
		};
		D7A010882CECB57600B9836B /* Sources */ = {
			isa = PBXSourcesBuildPhase;
			buildActionMask = 2147483647;
			files = (
				D7A010962CECB5CB00B9836B /* RegistrationTest.swift in Sources */,
			);
			runOnlyForDeploymentPostprocessing = 0;
		};
/* End PBXSourcesBuildPhase section */

/* Begin PBXTargetDependency section */
		D7A010912CECB57700B9836B /* PBXTargetDependency */ = {
			isa = PBXTargetDependency;
			target = D72926082CD13741009946FB /* Order Coffe */;
			targetProxy = D7A010902CECB57700B9836B /* PBXContainerItemProxy */;
		};
/* End PBXTargetDependency section */

/* Begin PBXVariantGroup section */
		D72926172CD13744009946FB /* LaunchScreen.storyboard */ = {
			isa = PBXVariantGroup;
			children = (
				D72926182CD13744009946FB /* Base */,
			);
			name = LaunchScreen.storyboard;
			sourceTree = "<group>";
		};
/* End PBXVariantGroup section */

/* Begin XCBuildConfiguration section */
		D729261B2CD13744009946FB /* Debug */ = {
			isa = XCBuildConfiguration;
			buildSettings = {
				ALWAYS_SEARCH_USER_PATHS = NO;
				CLANG_ANALYZER_NONNULL = YES;
				CLANG_ANALYZER_NUMBER_OBJECT_CONVERSION = YES_AGGRESSIVE;
				CLANG_CXX_LANGUAGE_STANDARD = "gnu++20";
				CLANG_ENABLE_MODULES = YES;
				CLANG_ENABLE_OBJC_ARC = YES;
				CLANG_ENABLE_OBJC_WEAK = YES;
				CLANG_WARN_BLOCK_CAPTURE_AUTORELEASING = YES;
				CLANG_WARN_BOOL_CONVERSION = YES;
				CLANG_WARN_COMMA = YES;
				CLANG_WARN_CONSTANT_CONVERSION = YES;
				CLANG_WARN_DEPRECATED_OBJC_IMPLEMENTATIONS = YES;
				CLANG_WARN_DIRECT_OBJC_ISA_USAGE = YES_ERROR;
				CLANG_WARN_DOCUMENTATION_COMMENTS = YES;
				CLANG_WARN_EMPTY_BODY = YES;
				CLANG_WARN_ENUM_CONVERSION = YES;
				CLANG_WARN_INFINITE_RECURSION = YES;
				CLANG_WARN_INT_CONVERSION = YES;
				CLANG_WARN_NON_LITERAL_NULL_CONVERSION = YES;
				CLANG_WARN_OBJC_IMPLICIT_RETAIN_SELF = YES;
				CLANG_WARN_OBJC_LITERAL_CONVERSION = YES;
				CLANG_WARN_OBJC_ROOT_CLASS = YES_ERROR;
				CLANG_WARN_QUOTED_INCLUDE_IN_FRAMEWORK_HEADER = YES;
				CLANG_WARN_RANGE_LOOP_ANALYSIS = YES;
				CLANG_WARN_STRICT_PROTOTYPES = YES;
				CLANG_WARN_SUSPICIOUS_MOVE = YES;
				CLANG_WARN_UNGUARDED_AVAILABILITY = YES_AGGRESSIVE;
				CLANG_WARN_UNREACHABLE_CODE = YES;
				CLANG_WARN__DUPLICATE_METHOD_MATCH = YES;
				COPY_PHASE_STRIP = NO;
				DEBUG_INFORMATION_FORMAT = dwarf;
				ENABLE_STRICT_OBJC_MSGSEND = YES;
				ENABLE_TESTABILITY = YES;
				GCC_C_LANGUAGE_STANDARD = gnu11;
				GCC_DYNAMIC_NO_PIC = NO;
				GCC_NO_COMMON_BLOCKS = YES;
				GCC_OPTIMIZATION_LEVEL = 0;
				GCC_PREPROCESSOR_DEFINITIONS = (
					"DEBUG=1",
					"$(inherited)",
				);
				GCC_WARN_64_TO_32_BIT_CONVERSION = YES;
				GCC_WARN_ABOUT_RETURN_TYPE = YES_ERROR;
				GCC_WARN_UNDECLARED_SELECTOR = YES;
				GCC_WARN_UNINITIALIZED_AUTOS = YES_AGGRESSIVE;
				GCC_WARN_UNUSED_FUNCTION = YES;
				GCC_WARN_UNUSED_VARIABLE = YES;
				IPHONEOS_DEPLOYMENT_TARGET = 16.4;
				MTL_ENABLE_DEBUG_INFO = INCLUDE_SOURCE;
				MTL_FAST_MATH = YES;
				ONLY_ACTIVE_ARCH = YES;
				SDKROOT = iphoneos;
				SWIFT_ACTIVE_COMPILATION_CONDITIONS = DEBUG;
				SWIFT_OPTIMIZATION_LEVEL = "-Onone";
			};
			name = Debug;
		};
		D729261C2CD13744009946FB /* Release */ = {
			isa = XCBuildConfiguration;
			buildSettings = {
				ALWAYS_SEARCH_USER_PATHS = NO;
				CLANG_ANALYZER_NONNULL = YES;
				CLANG_ANALYZER_NUMBER_OBJECT_CONVERSION = YES_AGGRESSIVE;
				CLANG_CXX_LANGUAGE_STANDARD = "gnu++20";
				CLANG_ENABLE_MODULES = YES;
				CLANG_ENABLE_OBJC_ARC = YES;
				CLANG_ENABLE_OBJC_WEAK = YES;
				CLANG_WARN_BLOCK_CAPTURE_AUTORELEASING = YES;
				CLANG_WARN_BOOL_CONVERSION = YES;
				CLANG_WARN_COMMA = YES;
				CLANG_WARN_CONSTANT_CONVERSION = YES;
				CLANG_WARN_DEPRECATED_OBJC_IMPLEMENTATIONS = YES;
				CLANG_WARN_DIRECT_OBJC_ISA_USAGE = YES_ERROR;
				CLANG_WARN_DOCUMENTATION_COMMENTS = YES;
				CLANG_WARN_EMPTY_BODY = YES;
				CLANG_WARN_ENUM_CONVERSION = YES;
				CLANG_WARN_INFINITE_RECURSION = YES;
				CLANG_WARN_INT_CONVERSION = YES;
				CLANG_WARN_NON_LITERAL_NULL_CONVERSION = YES;
				CLANG_WARN_OBJC_IMPLICIT_RETAIN_SELF = YES;
				CLANG_WARN_OBJC_LITERAL_CONVERSION = YES;
				CLANG_WARN_OBJC_ROOT_CLASS = YES_ERROR;
				CLANG_WARN_QUOTED_INCLUDE_IN_FRAMEWORK_HEADER = YES;
				CLANG_WARN_RANGE_LOOP_ANALYSIS = YES;
				CLANG_WARN_STRICT_PROTOTYPES = YES;
				CLANG_WARN_SUSPICIOUS_MOVE = YES;
				CLANG_WARN_UNGUARDED_AVAILABILITY = YES_AGGRESSIVE;
				CLANG_WARN_UNREACHABLE_CODE = YES;
				CLANG_WARN__DUPLICATE_METHOD_MATCH = YES;
				COPY_PHASE_STRIP = NO;
				DEBUG_INFORMATION_FORMAT = "dwarf-with-dsym";
				ENABLE_NS_ASSERTIONS = NO;
				ENABLE_STRICT_OBJC_MSGSEND = YES;
				GCC_C_LANGUAGE_STANDARD = gnu11;
				GCC_NO_COMMON_BLOCKS = YES;
				GCC_WARN_64_TO_32_BIT_CONVERSION = YES;
				GCC_WARN_ABOUT_RETURN_TYPE = YES_ERROR;
				GCC_WARN_UNDECLARED_SELECTOR = YES;
				GCC_WARN_UNINITIALIZED_AUTOS = YES_AGGRESSIVE;
				GCC_WARN_UNUSED_FUNCTION = YES;
				GCC_WARN_UNUSED_VARIABLE = YES;
				IPHONEOS_DEPLOYMENT_TARGET = 16.4;
				MTL_ENABLE_DEBUG_INFO = NO;
				MTL_FAST_MATH = YES;
				SDKROOT = iphoneos;
				SWIFT_COMPILATION_MODE = wholemodule;
				SWIFT_OPTIMIZATION_LEVEL = "-O";
				VALIDATE_PRODUCT = YES;
			};
			name = Release;
		};
		D729261E2CD13744009946FB /* Debug */ = {
			isa = XCBuildConfiguration;
			baseConfigurationReference = CEE5D8BA0465E8091A4CBA21 /* Pods-Order Coffe.debug.xcconfig */;
			buildSettings = {
				ASSETCATALOG_COMPILER_APPICON_NAME = AppIcon;
				ASSETCATALOG_COMPILER_GLOBAL_ACCENT_COLOR_NAME = AccentColor;
				CODE_SIGN_STYLE = Automatic;
				CURRENT_PROJECT_VERSION = 1;
				DEVELOPMENT_TEAM = TX2TU96GUU;
				GENERATE_INFOPLIST_FILE = YES;
				INFOPLIST_FILE = "Order Coffe/Resources/Info.plist";
				INFOPLIST_KEY_UIApplicationSupportsIndirectInputEvents = YES;
				INFOPLIST_KEY_UILaunchStoryboardName = LaunchScreen;
				INFOPLIST_KEY_UISupportedInterfaceOrientations = UIInterfaceOrientationPortrait;
				IPHONEOS_DEPLOYMENT_TARGET = 15.0;
				LD_RUNPATH_SEARCH_PATHS = (
					"$(inherited)",
					"@executable_path/Frameworks",
				);
				MARKETING_VERSION = 1.0;
				PRODUCT_BUNDLE_IDENTIFIER = "lessons.Order-Coffe";
				PRODUCT_NAME = "$(TARGET_NAME)";
				SUPPORTED_PLATFORMS = "iphoneos iphonesimulator";
				SUPPORTS_MACCATALYST = NO;
				SUPPORTS_MAC_DESIGNED_FOR_IPHONE_IPAD = NO;
				SWIFT_EMIT_LOC_STRINGS = YES;
				SWIFT_VERSION = 5.0;
				TARGETED_DEVICE_FAMILY = 1;
			};
			name = Debug;
		};
		D729261F2CD13744009946FB /* Release */ = {
			isa = XCBuildConfiguration;
			baseConfigurationReference = F706203A52042E763DDA9777 /* Pods-Order Coffe.release.xcconfig */;
			buildSettings = {
				ASSETCATALOG_COMPILER_APPICON_NAME = AppIcon;
				ASSETCATALOG_COMPILER_GLOBAL_ACCENT_COLOR_NAME = AccentColor;
				CODE_SIGN_STYLE = Automatic;
				CURRENT_PROJECT_VERSION = 1;
				DEVELOPMENT_TEAM = TX2TU96GUU;
				GENERATE_INFOPLIST_FILE = YES;
				INFOPLIST_FILE = "Order Coffe/Resources/Info.plist";
				INFOPLIST_KEY_UIApplicationSupportsIndirectInputEvents = YES;
				INFOPLIST_KEY_UILaunchStoryboardName = LaunchScreen;
				INFOPLIST_KEY_UISupportedInterfaceOrientations = UIInterfaceOrientationPortrait;
				IPHONEOS_DEPLOYMENT_TARGET = 15.0;
				LD_RUNPATH_SEARCH_PATHS = (
					"$(inherited)",
					"@executable_path/Frameworks",
				);
				MARKETING_VERSION = 1.0;
				PRODUCT_BUNDLE_IDENTIFIER = "lessons.Order-Coffe";
				PRODUCT_NAME = "$(TARGET_NAME)";
				SUPPORTED_PLATFORMS = "iphoneos iphonesimulator";
				SUPPORTS_MACCATALYST = NO;
				SUPPORTS_MAC_DESIGNED_FOR_IPHONE_IPAD = NO;
				SWIFT_EMIT_LOC_STRINGS = YES;
				SWIFT_VERSION = 5.0;
				TARGETED_DEVICE_FAMILY = 1;
			};
			name = Release;
		};
		D7A010922CECB57700B9836B /* Debug */ = {
			isa = XCBuildConfiguration;
			buildSettings = {
				BUNDLE_LOADER = "$(TEST_HOST)";
				CLANG_ENABLE_MODULES = YES;
				CODE_SIGN_STYLE = Automatic;
				CURRENT_PROJECT_VERSION = 1;
				DEVELOPMENT_TEAM = TX2TU96GUU;
				GENERATE_INFOPLIST_FILE = YES;
				MARKETING_VERSION = 1.0;
				PRODUCT_BUNDLE_IDENTIFIER = "lessons.Order-CoffeTests";
				PRODUCT_NAME = "$(TARGET_NAME)";
				SWIFT_EMIT_LOC_STRINGS = NO;
				SWIFT_OPTIMIZATION_LEVEL = "-Onone";
				SWIFT_VERSION = 5.0;
				TARGETED_DEVICE_FAMILY = "1,2";
				TEST_HOST = "$(BUILT_PRODUCTS_DIR)/Order Coffe.app/$(BUNDLE_EXECUTABLE_FOLDER_PATH)/Order Coffe";
			};
			name = Debug;
		};
		D7A010932CECB57700B9836B /* Release */ = {
			isa = XCBuildConfiguration;
			buildSettings = {
				BUNDLE_LOADER = "$(TEST_HOST)";
				CLANG_ENABLE_MODULES = YES;
				CODE_SIGN_STYLE = Automatic;
				CURRENT_PROJECT_VERSION = 1;
				DEVELOPMENT_TEAM = TX2TU96GUU;
				GENERATE_INFOPLIST_FILE = YES;
				MARKETING_VERSION = 1.0;
				PRODUCT_BUNDLE_IDENTIFIER = "lessons.Order-CoffeTests";
				PRODUCT_NAME = "$(TARGET_NAME)";
				SWIFT_EMIT_LOC_STRINGS = NO;
				SWIFT_VERSION = 5.0;
				TARGETED_DEVICE_FAMILY = "1,2";
				TEST_HOST = "$(BUILT_PRODUCTS_DIR)/Order Coffe.app/$(BUNDLE_EXECUTABLE_FOLDER_PATH)/Order Coffe";
			};
			name = Release;
		};
/* End XCBuildConfiguration section */

/* Begin XCConfigurationList section */
		D72926042CD13741009946FB /* Build configuration list for PBXProject "Order Coffe" */ = {
			isa = XCConfigurationList;
			buildConfigurations = (
				D729261B2CD13744009946FB /* Debug */,
				D729261C2CD13744009946FB /* Release */,
			);
			defaultConfigurationIsVisible = 0;
			defaultConfigurationName = Release;
		};
		D729261D2CD13744009946FB /* Build configuration list for PBXNativeTarget "Order Coffe" */ = {
			isa = XCConfigurationList;
			buildConfigurations = (
				D729261E2CD13744009946FB /* Debug */,
				D729261F2CD13744009946FB /* Release */,
			);
			defaultConfigurationIsVisible = 0;
			defaultConfigurationName = Release;
		};
		D7A010942CECB57700B9836B /* Build configuration list for PBXNativeTarget "Order CoffeTests" */ = {
			isa = XCConfigurationList;
			buildConfigurations = (
				D7A010922CECB57700B9836B /* Debug */,
				D7A010932CECB57700B9836B /* Release */,
			);
			defaultConfigurationIsVisible = 0;
			defaultConfigurationName = Release;
		};
/* End XCConfigurationList section */

/* Begin XCRemoteSwiftPackageReference section */
		D72926432CD244FE009946FB /* XCRemoteSwiftPackageReference "SnapKit" */ = {
			isa = XCRemoteSwiftPackageReference;
			repositoryURL = "https://github.com/SnapKit/SnapKit";
			requirement = {
				kind = upToNextMajorVersion;
				minimumVersion = 5.0.0;
			};
		};
		D78850FD2CDA381B00B1AF7B /* XCRemoteSwiftPackageReference "Alamofire" */ = {
			isa = XCRemoteSwiftPackageReference;
			repositoryURL = "https://github.com/Alamofire/Alamofire?tab=readme-ov-file";
			requirement = {
				kind = upToNextMajorVersion;
				minimumVersion = 5.0.0;
			};
		};
/* End XCRemoteSwiftPackageReference section */

/* Begin XCSwiftPackageProductDependency section */
		D72926442CD244FE009946FB /* SnapKit */ = {
			isa = XCSwiftPackageProductDependency;
			package = D72926432CD244FE009946FB /* XCRemoteSwiftPackageReference "SnapKit" */;
			productName = SnapKit;
		};
		D78850FE2CDA381B00B1AF7B /* Alamofire */ = {
			isa = XCSwiftPackageProductDependency;
			package = D78850FD2CDA381B00B1AF7B /* XCRemoteSwiftPackageReference "Alamofire" */;
			productName = Alamofire;
		};
/* End XCSwiftPackageProductDependency section */
	};
	rootObject = D72926012CD13741009946FB /* Project object */;
}
